
Microsoft Visual Studio Solution File, Format Version 12.00
# Visual Studio Version 17
VisualStudioVersion = 17.14.37012.4 d17.14
MinimumVisualStudioVersion = 10.0.40219.1
Project("{8BC9CEB8-8B4A-11D0-8D11-00A0C91BC942}") = "AtomSimulation", "AtomSimulation.vcxproj", "{C519EA47-85EE-4C4D-B7E7-9BDF90F35458}"
EndProject
Global
	GlobalSection(SolutionConfigurationPlatforms) = preSolution
		Debug|x64 = Debug|x64
		Debug|x86 = Debug|x86
		Release|x64 = Release|x64
		Release|x86 = Release|x86
	EndGlobalSection
	GlobalSection(ProjectConfigurationPlatforms) = postSolution
		{C519EA47-85EE-4C4D-B7E7-9BDF90F35458}.Debug|x64.ActiveCfg = Debug|x64
		{C519EA47-85EE-4C4D-B7E7-9BDF90F35458}.Debug|x64.Build.0 = Debug|x64
		{C519EA47-85EE-4C4D-B7E7-9BDF90F35458}.Debug|x86.ActiveCfg = Debug|Win32
		{C519EA47-85EE-4C4D-B7E7-9BDF90F35458}.Debug|x86.Build.0 = Debug|Win32
		{C519EA47-85EE-4C4D-B7E7-9BDF90F35458}.Release|x64.ActiveCfg = Release|x64
		{C519EA47-85EE-4C4D-B7E7-9BDF90F35458}.Release|x64.Build.0 = Release|x64
		{C519EA47-85EE-4C4D-B7E7-9BDF90F35458}.Release|x86.ActiveCfg = Release|Win32
		{C519EA47-85EE-4C4D-B7E7-9BDF90F35458}.Release|x86.Build.0 = Release|Win32
	EndGlobalSection
	GlobalSection(SolutionProperties) = preSolution
		HideSolutionNode = FALSE
	EndGlobalSection
	GlobalSection(ExtensibilityGlobals) = postSolution
		SolutionGuid = {0D5479BC-0838-4097-85F4-B5878EFF0573}
	EndGlobalSection
EndGlobal
